
Microsoft Visual Studio Solution File, Format Version 12.00
# Visual Studio Version 17
VisualStudioVersion = 17.11.35312.102
MinimumVisualStudioVersion = 10.0.40219.1
Project("{FAE04EC0-301F-11D3-BF4B-00C04F79EFBC}") = "PEAKGreenScreen", "PEAKGreenScreen\PEAKGreenScreen.csproj", "{63F17D97-A45E-4972-8AFE-37C180C14B53}"
EndProject
Global
	GlobalSection(SolutionConfigurationPlatforms) = preSolution
		Debug|Any CPU = Debug|Any CPU
		Release|Any CPU = Release|Any CPU
	EndGlobalSection
	GlobalSection(ProjectConfigurationPlatforms) = postSolution
		{63F17D97-A45E-4972-8AFE-37C180C14B53}.Debug|Any CPU.ActiveCfg = Debug|Any CPU
		{63F17D97-A45E-4972-8AFE-37C180C14B53}.Debug|Any CPU.Build.0 = Debug|Any CPU
		{63F17D97-A45E-4972-8AFE-37C180C14B53}.Release|Any CPU.ActiveCfg = Release|Any CPU
		{63F17D97-A45E-4972-8AFE-37C180C14B53}.Release|Any CPU.Build.0 = Release|Any CPU
	EndGlobalSection
	GlobalSection(SolutionProperties) = preSolution
		HideSolutionNode = FALSE
	EndGlobalSection
	GlobalSection(ExtensibilityGlobals) = postSolution
		SolutionGuid = {82A0C7BF-F471-4784-965A-A7E7B0B80D84}
	EndGlobalSection
EndGlobal
